github.com/fengyoulin/goid v0.1.1 h1:Vqp0iPKbqAJFr1bYJsmLRyJf7eOEOKiJwnClsLnNiUM=
github.com/fengyoulin/goid v0.1.1/go.mod h1:JtJvzobmzf2oOFP3YC1OxIzFutOrfUM/77E7710my8E=
github.com/fengyoulin/inspect v0.1.1 h1:p+8jX5PcGKQ6QgbAKv27iTztbDVaFrZO0ydTTHhmXDo=
github.com/fengyoulin/inspect v0.1.1/go.mod h1:o2KHsj6QtTctaKSNT3PMixntV9Ayqvox2orlH7mk25E=
